// !$*UTF8*$!
{
	archiveVersion = 1;
	classes = {
	};
	objectVersion = 46;
	objects = {

/* Begin PBXBuildFile section */
		D365D8B11D330E7E008F6141 /* AppDelegate.swift in Sources */ = {isa = PBXBuildFile; fileRef = D365D8B01D330E7E008F6141 /* AppDelegate.swift */; };
		D365D8B31D330E7E008F6141 /* ViewController.swift in Sources */ = {isa = PBXBuildFile; fileRef = D365D8B21D330E7E008F6141 /* ViewController.swift */; };
		D365D8B61D330E7E008F6141 /* Main.storyboard in Resources */ = {isa = PBXBuildFile; fileRef = D365D8B41D330E7E008F6141 /* Main.storyboard */; };
		D365D8B81D330E7E008F6141 /* Assets.xcassets in Resources */ = {isa = PBXBuildFile; fileRef = D365D8B71D330E7E008F6141 /* Assets.xcassets */; };
		D365D8BB1D330E7E008F6141 /* LaunchScreen.storyboard in Resources */ = {isa = PBXBuildFile; fileRef = D365D8B91D330E7E008F6141 /* LaunchScreen.storyboard */; };
		D365D8C61D330E7E008F6141 /* maps2Tests.swift in Sources */ = {isa = PBXBuildFile; fileRef = D365D8C51D330E7E008F6141 /* maps2Tests.swift */; };
		D365D8D11D330E7E008F6141 /* maps2UITests.swift in Sources */ = {isa = PBXBuildFile; fileRef = D365D8D01D330E7E008F6141 /* maps2UITests.swift */; };
		D365D8E21D331266008F6141 /* Pods-maps2.debug.xcconfig in Resources */ = {isa = PBXBuildFile; fileRef = AB93302BDD4B430A0F8B0B85 /* Pods-maps2.debug.xcconfig */; };
		D365D8E31D33126E008F6141 /* Pods-maps2.release.xcconfig in Resources */ = {isa = PBXBuildFile; fileRef = F593BA85B9586230F3CC8F63 /* Pods-maps2.release.xcconfig */; };
		D365D8E51D3313E0008F6141 /* Mapbox.framework in Frameworks */ = {isa = PBXBuildFile; fileRef = D365D8E41D3313E0008F6141 /* Mapbox.framework */; };
		D365D8E61D3313E0008F6141 /* Mapbox.framework in Embed Frameworks */ = {isa = PBXBuildFile; fileRef = D365D8E41D3313E0008F6141 /* Mapbox.framework */; settings = {ATTRIBUTES = (CodeSignOnCopy, RemoveHeadersOnCopy, ); }; };
		D365D8EA1D3318CF008F6141 /* Mapbox.framework in Frameworks */ = {isa = PBXBuildFile; fileRef = D365D8E91D3318CF008F6141 /* Mapbox.framework */; };
		D365D8EB1D3318CF008F6141 /* Mapbox.framework in Frameworks */ = {isa = PBXBuildFile; fileRef = D365D8E91D3318CF008F6141 /* Mapbox.framework */; };
		D365D8EC1D3318CF008F6141 /* Mapbox.framework in Frameworks */ = {isa = PBXBuildFile; fileRef = D365D8E91D3318CF008F6141 /* Mapbox.framework */; };
		D365D8F01D3319C2008F6141 /* MapKit.framework in Frameworks */ = {isa = PBXBuildFile; fileRef = D365D8EF1D3319C2008F6141 /* MapKit.framework */; };
		D365D8F41D3463A0008F6141 /* data.json in Resources */ = {isa = PBXBuildFile; fileRef = D365D8F31D3463A0008F6141 /* data.json */; };
		D365D8F51D3463A0008F6141 /* data.json in Resources */ = {isa = PBXBuildFile; fileRef = D365D8F31D3463A0008F6141 /* data.json */; };
		D365D8F61D3463A0008F6141 /* data.json in Resources */ = {isa = PBXBuildFile; fileRef = D365D8F31D3463A0008F6141 /* data.json */; };
		D3F173771D34991F001D14AB /* icon-location-searching.png in Resources */ = {isa = PBXBuildFile; fileRef = D3F173761D34991F001D14AB /* icon-location-searching.png */; };
		D3F173791D349937001D14AB /* icon-location-searching@3x.png in Resources */ = {isa = PBXBuildFile; fileRef = D3F173781D349937001D14AB /* icon-location-searching@3x.png */; };
		D3F1737B1D349A08001D14AB /* DOFavoriteButton in Resources */ = {isa = PBXBuildFile; fileRef = D3F1737A1D349A08001D14AB /* DOFavoriteButton */; };
		D3F1737C1D349A08001D14AB /* DOFavoriteButton in Resources */ = {isa = PBXBuildFile; fileRef = D3F1737A1D349A08001D14AB /* DOFavoriteButton */; };
		D3F1737E1D349C78001D14AB /* icon-location-searching@2x.png in Resources */ = {isa = PBXBuildFile; fileRef = D3F1737D1D349C78001D14AB /* icon-location-searching@2x.png */; };
		D3F1737F1D349C78001D14AB /* icon-location-searching@2x.png in Resources */ = {isa = PBXBuildFile; fileRef = D3F1737D1D349C78001D14AB /* icon-location-searching@2x.png */; };
		D3F173811D349CCC001D14AB /* icon-location-searching@3x.png in Resources */ = {isa = PBXBuildFile; fileRef = D3F173801D349CCC001D14AB /* icon-location-searching@3x.png */; };
		D3F173821D349CCC001D14AB /* icon-location-searching@3x.png in Resources */ = {isa = PBXBuildFile; fileRef = D3F173801D349CCC001D14AB /* icon-location-searching@3x.png */; };
		D3F173831D349CCC001D14AB /* icon-location-searching@3x.png in Resources */ = {isa = PBXBuildFile; fileRef = D3F173801D349CCC001D14AB /* icon-location-searching@3x.png */; };
		D3F173851D349E10001D14AB /* pin-custom-hunting@2x.png in Resources */ = {isa = PBXBuildFile; fileRef = D3F173841D349E10001D14AB /* pin-custom-hunting@2x.png */; };
		D3F173861D349E10001D14AB /* pin-custom-hunting@2x.png in Resources */ = {isa = PBXBuildFile; fileRef = D3F173841D349E10001D14AB /* pin-custom-hunting@2x.png */; };
		D3F173871D349E10001D14AB /* pin-custom-hunting@2x.png in Resources */ = {isa = PBXBuildFile; fileRef = D3F173841D349E10001D14AB /* pin-custom-hunting@2x.png */; };
		D3F1738A1D35AC91001D14AB /* pin-custom-fishing@2x.png in Resources */ = {isa = PBXBuildFile; fileRef = D3F173891D35AC91001D14AB /* pin-custom-fishing@2x.png */; };
		D3F1738B1D35AC91001D14AB /* pin-custom-fishing@2x.png in Resources */ = {isa = PBXBuildFile; fileRef = D3F173891D35AC91001D14AB /* pin-custom-fishing@2x.png */; };
		D3F1738C1D35AC91001D14AB /* pin-custom-fishing@2x.png in Resources */ = {isa = PBXBuildFile; fileRef = D3F173891D35AC91001D14AB /* pin-custom-fishing@2x.png */; };
		D3F1738E1D35AEF9001D14AB /* pin-poi-hunting@2x.png in Resources */ = {isa = PBXBuildFile; fileRef = D3F1738D1D35AEF9001D14AB /* pin-poi-hunting@2x.png */; };
		D3F1738F1D35AEF9001D14AB /* pin-poi-hunting@2x.png in Resources */ = {isa = PBXBuildFile; fileRef = D3F1738D1D35AEF9001D14AB /* pin-poi-hunting@2x.png */; };
		D3F173901D35AEF9001D14AB /* pin-poi-hunting@2x.png in Resources */ = {isa = PBXBuildFile; fileRef = D3F1738D1D35AEF9001D14AB /* pin-poi-hunting@2x.png */; };
		D3F173921D35C1EA001D14AB /* pin-poi-fishing@2x.png in Resources */ = {isa = PBXBuildFile; fileRef = D3F173911D35C1EA001D14AB /* pin-poi-fishing@2x.png */; };
		D3F173931D35C1EA001D14AB /* pin-poi-fishing@2x.png in Resources */ = {isa = PBXBuildFile; fileRef = D3F173911D35C1EA001D14AB /* pin-poi-fishing@2x.png */; };
		D3F173941D35C1EA001D14AB /* pin-poi-fishing@2x.png in Resources */ = {isa = PBXBuildFile; fileRef = D3F173911D35C1EA001D14AB /* pin-poi-fishing@2x.png */; };
		D3F173961D35CE66001D14AB /* Plus Math-25.png in Resources */ = {isa = PBXBuildFile; fileRef = D3F173951D35CE66001D14AB /* Plus Math-25.png */; };
		D3F173971D35CE66001D14AB /* Plus Math-25.png in Resources */ = {isa = PBXBuildFile; fileRef = D3F173951D35CE66001D14AB /* Plus Math-25.png */; };
		D3F173981D35CE66001D14AB /* Plus Math-25.png in Resources */ = {isa = PBXBuildFile; fileRef = D3F173951D35CE66001D14AB /* Plus Math-25.png */; };
		D3F1739A1D35CEFB001D14AB /* Plus Math-50.png in Resources */ = {isa = PBXBuildFile; fileRef = D3F173991D35CEFB001D14AB /* Plus Math-50.png */; };
		D3F1739B1D35CEFB001D14AB /* Plus Math-50.png in Resources */ = {isa = PBXBuildFile; fileRef = D3F173991D35CEFB001D14AB /* Plus Math-50.png */; };
		D3F1739C1D35CEFB001D14AB /* Plus Math-50.png in Resources */ = {isa = PBXBuildFile; fileRef = D3F173991D35CEFB001D14AB /* Plus Math-50.png */; };
		D3F1739E1D35D02B001D14AB /* icon-location-set@3x.png in Resources */ = {isa = PBXBuildFile; fileRef = D3F1739D1D35D02B001D14AB /* icon-location-set@3x.png */; };
		D3F1739F1D35D02B001D14AB /* icon-location-set@3x.png in Resources */ = {isa = PBXBuildFile; fileRef = D3F1739D1D35D02B001D14AB /* icon-location-set@3x.png */; };
		D3F173A01D35D02B001D14AB /* icon-location-set@3x.png in Resources */ = {isa = PBXBuildFile; fileRef = D3F1739D1D35D02B001D14AB /* icon-location-set@3x.png */; };
		D3F173A21D35D284001D14AB /* icon-location-add@3x.png in Resources */ = {isa = PBXBuildFile; fileRef = D3F173A11D35D284001D14AB /* icon-location-add@3x.png */; };
		D3F173A31D35D284001D14AB /* icon-location-add@3x.png in Resources */ = {isa = PBXBuildFile; fileRef = D3F173A11D35D284001D14AB /* icon-location-add@3x.png */; };
		D3F173A41D35D284001D14AB /* icon-location-add@3x.png in Resources */ = {isa = PBXBuildFile; fileRef = D3F173A11D35D284001D14AB /* icon-location-add@3x.png */; };
		D3F173A61D35D33E001D14AB /* Marker-52.png in Resources */ = {isa = PBXBuildFile; fileRef = D3F173A51D35D33E001D14AB /* Marker-52.png */; };
		D3F173A71D35D33E001D14AB /* Marker-52.png in Resources */ = {isa = PBXBuildFile; fileRef = D3F173A51D35D33E001D14AB /* Marker-52.png */; };
		D3F173A81D35D33E001D14AB /* Marker-52.png in Resources */ = {isa = PBXBuildFile; fileRef = D3F173A51D35D33E001D14AB /* Marker-52.png */; };
		D3F173AA1D35D368001D14AB /* Marker-104.png in Resources */ = {isa = PBXBuildFile; fileRef = D3F173A91D35D368001D14AB /* Marker-104.png */; };
		D3F173AB1D35D368001D14AB /* Marker-104.png in Resources */ = {isa = PBXBuildFile; fileRef = D3F173A91D35D368001D14AB /* Marker-104.png */; };
		D3F173AC1D35D368001D14AB /* Marker-104.png in Resources */ = {isa = PBXBuildFile; fileRef = D3F173A91D35D368001D14AB /* Marker-104.png */; };
		D3F173AE1D35D49A001D14AB /* Center Direction-100.png in Resources */ = {isa = PBXBuildFile; fileRef = D3F173AD1D35D49A001D14AB /* Center Direction-100.png */; };
		D3F173AF1D35D49A001D14AB /* Center Direction-100.png in Resources */ = {isa = PBXBuildFile; fileRef = D3F173AD1D35D49A001D14AB /* Center Direction-100.png */; };
		D3F173B01D35D49A001D14AB /* Center Direction-100.png in Resources */ = {isa = PBXBuildFile; fileRef = D3F173AD1D35D49A001D14AB /* Center Direction-100.png */; };
		D3F173B21D35D4EA001D14AB /* Center Direction-100 (1).png in Resources */ = {isa = PBXBuildFile; fileRef = D3F173B11D35D4EA001D14AB /* Center Direction-100 (1).png */; };
		D3F173B31D35D4EA001D14AB /* Center Direction-100 (1).png in Resources */ = {isa = PBXBuildFile; fileRef = D3F173B11D35D4EA001D14AB /* Center Direction-100 (1).png */; };
		D3F173B41D35D4EA001D14AB /* Center Direction-100 (1).png in Resources */ = {isa = PBXBuildFile; fileRef = D3F173B11D35D4EA001D14AB /* Center Direction-100 (1).png */; };
		D3F173B61D35D50C001D14AB /* Center Direction-100 (2).png in Resources */ = {isa = PBXBuildFile; fileRef = D3F173B51D35D50C001D14AB /* Center Direction-100 (2).png */; };
		D3F173B71D35D50C001D14AB /* Center Direction-100 (2).png in Resources */ = {isa = PBXBuildFile; fileRef = D3F173B51D35D50C001D14AB /* Center Direction-100 (2).png */; };
		D3F173B81D35D50C001D14AB /* Center Direction-100 (2).png in Resources */ = {isa = PBXBuildFile; fileRef = D3F173B51D35D50C001D14AB /* Center Direction-100 (2).png */; };
		D3F173BA1D35D5BF001D14AB /* Define Location-50.png in Resources */ = {isa = PBXBuildFile; fileRef = D3F173B91D35D5BF001D14AB /* Define Location-50.png */; };
		D3F173BB1D35D5BF001D14AB /* Define Location-50.png in Resources */ = {isa = PBXBuildFile; fileRef = D3F173B91D35D5BF001D14AB /* Define Location-50.png */; };
		D3F173BC1D35D5BF001D14AB /* Define Location-50.png in Resources */ = {isa = PBXBuildFile; fileRef = D3F173B91D35D5BF001D14AB /* Define Location-50.png */; };
		D3F173BE1D35E5A6001D14AB /* icon-search.png in Resources */ = {isa = PBXBuildFile; fileRef = D3F173BD1D35E5A6001D14AB /* icon-search.png */; };
		D3F173BF1D35E5A6001D14AB /* icon-search.png in Resources */ = {isa = PBXBuildFile; fileRef = D3F173BD1D35E5A6001D14AB /* icon-search.png */; };
		D3F173C01D35E5A6001D14AB /* icon-search.png in Resources */ = {isa = PBXBuildFile; fileRef = D3F173BD1D35E5A6001D14AB /* icon-search.png */; };
		D3F173C21D35E6E0001D14AB /* icon-search@2x.png in Resources */ = {isa = PBXBuildFile; fileRef = D3F173C11D35E6E0001D14AB /* icon-search@2x.png */; };
		D3F173C31D35E6E0001D14AB /* icon-search@2x.png in Resources */ = {isa = PBXBuildFile; fileRef = D3F173C11D35E6E0001D14AB /* icon-search@2x.png */; };
		D3F173C41D35E6E0001D14AB /* icon-search@2x.png in Resources */ = {isa = PBXBuildFile; fileRef = D3F173C11D35E6E0001D14AB /* icon-search@2x.png */; };
		D3F173C61D35E7C5001D14AB /* Earth Element-50.png in Resources */ = {isa = PBXBuildFile; fileRef = D3F173C51D35E7C5001D14AB /* Earth Element-50.png */; };
		D3F173C71D35E7C5001D14AB /* Earth Element-50.png in Resources */ = {isa = PBXBuildFile; fileRef = D3F173C51D35E7C5001D14AB /* Earth Element-50.png */; };
		D3F173C81D35E7C5001D14AB /* Earth Element-50.png in Resources */ = {isa = PBXBuildFile; fileRef = D3F173C51D35E7C5001D14AB /* Earth Element-50.png */; };
		D3F173CA1D35E7DD001D14AB /* Earth Element-50 (1).png in Resources */ = {isa = PBXBuildFile; fileRef = D3F173C91D35E7DD001D14AB /* Earth Element-50 (1).png */; };
		D3F173CB1D35E7DD001D14AB /* Earth Element-50 (1).png in Resources */ = {isa = PBXBuildFile; fileRef = D3F173C91D35E7DD001D14AB /* Earth Element-50 (1).png */; };
		D3F173CC1D35E7DD001D14AB /* Earth Element-50 (1).png in Resources */ = {isa = PBXBuildFile; fileRef = D3F173C91D35E7DD001D14AB /* Earth Element-50 (1).png */; };
		D3F173CE1D35E807001D14AB /* Creek Filled-50.png in Resources */ = {isa = PBXBuildFile; fileRef = D3F173CD1D35E807001D14AB /* Creek Filled-50.png */; };
		D3F173CF1D35E807001D14AB /* Creek Filled-50.png in Resources */ = {isa = PBXBuildFile; fileRef = D3F173CD1D35E807001D14AB /* Creek Filled-50.png */; };
		D3F173D01D35E807001D14AB /* Creek Filled-50.png in Resources */ = {isa = PBXBuildFile; fileRef = D3F173CD1D35E807001D14AB /* Creek Filled-50.png */; };
		D3F173D21D35E840001D14AB /* Creek Filled-50 (1).png in Resources */ = {isa = PBXBuildFile; fileRef = D3F173D11D35E840001D14AB /* Creek Filled-50 (1).png */; };
		D3F173D31D35E840001D14AB /* Creek Filled-50 (1).png in Resources */ = {isa = PBXBuildFile; fileRef = D3F173D11D35E840001D14AB /* Creek Filled-50 (1).png */; };
		D3F173D41D35E840001D14AB /* Creek Filled-50 (1).png in Resources */ = {isa = PBXBuildFile; fileRef = D3F173D11D35E840001D14AB /* Creek Filled-50 (1).png */; };
		D3F173D61D35E84B001D14AB /* Pin Filled-50.png in Resources */ = {isa = PBXBuildFile; fileRef = D3F173D51D35E84B001D14AB /* Pin Filled-50.png */; };
		D3F173D71D35E84B001D14AB /* Pin Filled-50.png in Resources */ = {isa = PBXBuildFile; fileRef = D3F173D51D35E84B001D14AB /* Pin Filled-50.png */; };
		D3F173D81D35E84B001D14AB /* Pin Filled-50.png in Resources */ = {isa = PBXBuildFile; fileRef = D3F173D51D35E84B001D14AB /* Pin Filled-50.png */; };
		D3F173DA1D35E870001D14AB /* Landscape Filled-50.png in Resources */ = {isa = PBXBuildFile; fileRef = D3F173D91D35E870001D14AB /* Landscape Filled-50.png */; };
		D3F173DB1D35E870001D14AB /* Landscape Filled-50.png in Resources */ = {isa = PBXBuildFile; fileRef = D3F173D91D35E870001D14AB /* Landscape Filled-50.png */; };
		D3F173DC1D35E870001D14AB /* Landscape Filled-50.png in Resources */ = {isa = PBXBuildFile; fileRef = D3F173D91D35E870001D14AB /* Landscape Filled-50.png */; };
/* End PBXBuildFile section */

/* Begin PBXContainerItemProxy section */
		D365D8C21D330E7E008F6141 /* PBXContainerItemProxy */ = {
			isa = PBXContainerItemProxy;
			containerPortal = D365D8A51D330E7E008F6141 /* Project object */;
			proxyType = 1;
			remoteGlobalIDString = D365D8AC1D330E7E008F6141;
			remoteInfo = maps2;
		};
		D365D8CD1D330E7E008F6141 /* PBXContainerItemProxy */ = {
			isa = PBXContainerItemProxy;
			containerPortal = D365D8A51D330E7E008F6141 /* Project object */;
			proxyType = 1;
			remoteGlobalIDString = D365D8AC1D330E7E008F6141;
			remoteInfo = maps2;
		};
/* End PBXContainerItemProxy section */

/* Begin PBXCopyFilesBuildPhase section */
		D365D8E71D3313E0008F6141 /* Embed Frameworks */ = {
			isa = PBXCopyFilesBuildPhase;
			buildActionMask = 2147483647;
			dstPath = "";
			dstSubfolderSpec = 10;
			files = (
				D365D8E61D3313E0008F6141 /* Mapbox.framework in Embed Frameworks */,
			);
			name = "Embed Frameworks";
			runOnlyForDeploymentPostprocessing = 0;
		};
/* End PBXCopyFilesBuildPhase section */

/* Begin PBXFileReference section */
		AB93302BDD4B430A0F8B0B85 /* Pods-maps2.debug.xcconfig */ = {isa = PBXFileReference; includeInIndex = 1; lastKnownFileType = text.xcconfig; name = "Pods-maps2.debug.xcconfig"; path = "Pods/Target Support Files/Pods-maps2/Pods-maps2.debug.xcconfig"; sourceTree = "<group>"; };
		D365D8AD1D330E7E008F6141 /* maps2.app */ = {isa = PBXFileReference; explicitFileType = wrapper.application; includeInIndex = 0; path = maps2.app; sourceTree = BUILT_PRODUCTS_DIR; };
		D365D8B01D330E7E008F6141 /* AppDelegate.swift */ = {isa = PBXFileReference; lastKnownFileType = sourcecode.swift; path = AppDelegate.swift; sourceTree = "<group>"; };
		D365D8B21D330E7E008F6141 /* ViewController.swift */ = {isa = PBXFileReference; lastKnownFileType = sourcecode.swift; path = ViewController.swift; sourceTree = "<group>"; };
		D365D8B51D330E7E008F6141 /* Base */ = {isa = PBXFileReference; lastKnownFileType = file.storyboard; name = Base; path = Base.lproj/Main.storyboard; sourceTree = "<group>"; };
		D365D8B71D330E7E008F6141 /* Assets.xcassets */ = {isa = PBXFileReference; lastKnownFileType = folder.assetcatalog; path = Assets.xcassets; sourceTree = "<group>"; };
		D365D8BA1D330E7E008F6141 /* Base */ = {isa = PBXFileReference; lastKnownFileType = file.storyboard; name = Base; path = Base.lproj/LaunchScreen.storyboard; sourceTree = "<group>"; };
		D365D8BC1D330E7E008F6141 /* Info.plist */ = {isa = PBXFileReference; lastKnownFileType = text.plist.xml; path = Info.plist; sourceTree = "<group>"; };
		D365D8C11D330E7E008F6141 /* maps2Tests.xctest */ = {isa = PBXFileReference; explicitFileType = wrapper.cfbundle; includeInIndex = 0; path = maps2Tests.xctest; sourceTree = BUILT_PRODUCTS_DIR; };
		D365D8C51D330E7E008F6141 /* maps2Tests.swift */ = {isa = PBXFileReference; lastKnownFileType = sourcecode.swift; path = maps2Tests.swift; sourceTree = "<group>"; };
		D365D8C71D330E7E008F6141 /* Info.plist */ = {isa = PBXFileReference; lastKnownFileType = text.plist.xml; path = Info.plist; sourceTree = "<group>"; };
		D365D8CC1D330E7E008F6141 /* maps2UITests.xctest */ = {isa = PBXFileReference; explicitFileType = wrapper.cfbundle; includeInIndex = 0; path = maps2UITests.xctest; sourceTree = BUILT_PRODUCTS_DIR; };
		D365D8D01D330E7E008F6141 /* maps2UITests.swift */ = {isa = PBXFileReference; lastKnownFileType = sourcecode.swift; path = maps2UITests.swift; sourceTree = "<group>"; };
		D365D8D21D330E7E008F6141 /* Info.plist */ = {isa = PBXFileReference; lastKnownFileType = text.plist.xml; path = Info.plist; sourceTree = "<group>"; };
		D365D8E41D3313E0008F6141 /* Mapbox.framework */ = {isa = PBXFileReference; lastKnownFileType = wrapper.framework; path = Mapbox.framework; sourceTree = "<group>"; };
		D365D8E91D3318CF008F6141 /* Mapbox.framework */ = {isa = PBXFileReference; lastKnownFileType = wrapper.framework; path = Mapbox.framework; sourceTree = "<group>"; };
		D365D8EF1D3319C2008F6141 /* MapKit.framework */ = {isa = PBXFileReference; lastKnownFileType = wrapper.framework; name = MapKit.framework; path = System/Library/Frameworks/MapKit.framework; sourceTree = SDKROOT; };
		D365D8F31D3463A0008F6141 /* data.json */ = {isa = PBXFileReference; fileEncoding = 4; lastKnownFileType = text.json; path = data.json; sourceTree = "<group>"; };
		D3F173761D34991F001D14AB /* icon-location-searching.png */ = {isa = PBXFileReference; lastKnownFileType = image.png; path = "icon-location-searching.png"; sourceTree = "<group>"; };
		D3F173781D349937001D14AB /* icon-location-searching@3x.png */ = {isa = PBXFileReference; lastKnownFileType = image.png; path = "icon-location-searching@3x.png"; sourceTree = "<group>"; };
		D3F1737A1D349A08001D14AB /* DOFavoriteButton */ = {isa = PBXFileReference; lastKnownFileType = folder; path = DOFavoriteButton; sourceTree = "<group>"; };
		D3F1737D1D349C78001D14AB /* icon-location-searching@2x.png */ = {isa = PBXFileReference; lastKnownFileType = image.png; path = "icon-location-searching@2x.png"; sourceTree = "<group>"; };
		D3F173801D349CCC001D14AB /* icon-location-searching@3x.png */ = {isa = PBXFileReference; lastKnownFileType = image.png; path = "icon-location-searching@3x.png"; sourceTree = "<group>"; };
		D3F173841D349E10001D14AB /* pin-custom-hunting@2x.png */ = {isa = PBXFileReference; lastKnownFileType = image.png; path = "pin-custom-hunting@2x.png"; sourceTree = "<group>"; };
		D3F173891D35AC91001D14AB /* pin-custom-fishing@2x.png */ = {isa = PBXFileReference; lastKnownFileType = image.png; path = "pin-custom-fishing@2x.png"; sourceTree = "<group>"; };
		D3F1738D1D35AEF9001D14AB /* pin-poi-hunting@2x.png */ = {isa = PBXFileReference; lastKnownFileType = image.png; path = "pin-poi-hunting@2x.png"; sourceTree = "<group>"; };
		D3F173911D35C1EA001D14AB /* pin-poi-fishing@2x.png */ = {isa = PBXFileReference; lastKnownFileType = image.png; path = "pin-poi-fishing@2x.png"; sourceTree = "<group>"; };
		D3F173951D35CE66001D14AB /* Plus Math-25.png */ = {isa = PBXFileReference; lastKnownFileType = image.png; path = "Plus Math-25.png"; sourceTree = "<group>"; };
		D3F173991D35CEFB001D14AB /* Plus Math-50.png */ = {isa = PBXFileReference; lastKnownFileType = image.png; path = "Plus Math-50.png"; sourceTree = "<group>"; };
		D3F1739D1D35D02B001D14AB /* icon-location-set@3x.png */ = {isa = PBXFileReference; lastKnownFileType = image.png; path = "icon-location-set@3x.png"; sourceTree = "<group>"; };
		D3F173A11D35D284001D14AB /* icon-location-add@3x.png */ = {isa = PBXFileReference; lastKnownFileType = image.png; path = "icon-location-add@3x.png"; sourceTree = "<group>"; };
		D3F173A51D35D33E001D14AB /* Marker-52.png */ = {isa = PBXFileReference; lastKnownFileType = image.png; path = "Marker-52.png"; sourceTree = "<group>"; };
		D3F173A91D35D368001D14AB /* Marker-104.png */ = {isa = PBXFileReference; lastKnownFileType = image.png; path = "Marker-104.png"; sourceTree = "<group>"; };
		D3F173AD1D35D49A001D14AB /* Center Direction-100.png */ = {isa = PBXFileReference; lastKnownFileType = image.png; path = "Center Direction-100.png"; sourceTree = "<group>"; };
		D3F173B11D35D4EA001D14AB /* Center Direction-100 (1).png */ = {isa = PBXFileReference; lastKnownFileType = image.png; path = "Center Direction-100 (1).png"; sourceTree = "<group>"; };
		D3F173B51D35D50C001D14AB /* Center Direction-100 (2).png */ = {isa = PBXFileReference; lastKnownFileType = image.png; path = "Center Direction-100 (2).png"; sourceTree = "<group>"; };
		D3F173B91D35D5BF001D14AB /* Define Location-50.png */ = {isa = PBXFileReference; lastKnownFileType = image.png; path = "Define Location-50.png"; sourceTree = "<group>"; };
		D3F173BD1D35E5A6001D14AB /* icon-search.png */ = {isa = PBXFileReference; lastKnownFileType = image.png; path = "icon-search.png"; sourceTree = "<group>"; };
		D3F173C11D35E6E0001D14AB /* icon-search@2x.png */ = {isa = PBXFileReference; lastKnownFileType = image.png; path = "icon-search@2x.png"; sourceTree = "<group>"; };
		D3F173C51D35E7C5001D14AB /* Earth Element-50.png */ = {isa = PBXFileReference; lastKnownFileType = image.png; path = "Earth Element-50.png"; sourceTree = "<group>"; };
		D3F173C91D35E7DD001D14AB /* Earth Element-50 (1).png */ = {isa = PBXFileReference; lastKnownFileType = image.png; path = "Earth Element-50 (1).png"; sourceTree = "<group>"; };
		D3F173CD1D35E807001D14AB /* Creek Filled-50.png */ = {isa = PBXFileReference; lastKnownFileType = image.png; path = "Creek Filled-50.png"; sourceTree = "<group>"; };
		D3F173D11D35E840001D14AB /* Creek Filled-50 (1).png */ = {isa = PBXFileReference; lastKnownFileType = image.png; path = "Creek Filled-50 (1).png"; sourceTree = "<group>"; };
		D3F173D51D35E84B001D14AB /* Pin Filled-50.png */ = {isa = PBXFileReference; lastKnownFileType = image.png; path = "Pin Filled-50.png"; sourceTree = "<group>"; };
		D3F173D91D35E870001D14AB /* Landscape Filled-50.png */ = {isa = PBXFileReference; lastKnownFileType = image.png; path = "Landscape Filled-50.png"; sourceTree = "<group>"; };
		F593BA85B9586230F3CC8F63 /* Pods-maps2.release.xcconfig */ = {isa = PBXFileReference; includeInIndex = 1; lastKnownFileType = text.xcconfig; name = "Pods-maps2.release.xcconfig"; path = "Pods/Target Support Files/Pods-maps2/Pods-maps2.release.xcconfig"; sourceTree = "<group>"; };
/* End PBXFileReference section */

/* Begin PBXFrameworksBuildPhase section */
		D365D8AA1D330E7E008F6141 /* Frameworks */ = {
			isa = PBXFrameworksBuildPhase;
			buildActionMask = 2147483647;
			files = (
				D365D8E51D3313E0008F6141 /* Mapbox.framework in Frameworks */,
				D365D8F01D3319C2008F6141 /* MapKit.framework in Frameworks */,
				D365D8EA1D3318CF008F6141 /* Mapbox.framework in Frameworks */,
			);
			runOnlyForDeploymentPostprocessing = 0;
		};
		D365D8BE1D330E7E008F6141 /* Frameworks */ = {
			isa = PBXFrameworksBuildPhase;
			buildActionMask = 2147483647;
			files = (
				D365D8EB1D3318CF008F6141 /* Mapbox.framework in Frameworks */,
			);
			runOnlyForDeploymentPostprocessing = 0;
		};
		D365D8C91D330E7E008F6141 /* Frameworks */ = {
			isa = PBXFrameworksBuildPhase;
			buildActionMask = 2147483647;
			files = (
				D365D8EC1D3318CF008F6141 /* Mapbox.framework in Frameworks */,
			);
			runOnlyForDeploymentPostprocessing = 0;
		};
/* End PBXFrameworksBuildPhase section */

/* Begin PBXGroup section */
		31CEFBAEC5ACDC8AFCEDDB74 /* Pods */ = {
			isa = PBXGroup;
			children = (
				AB93302BDD4B430A0F8B0B85 /* Pods-maps2.debug.xcconfig */,
				F593BA85B9586230F3CC8F63 /* Pods-maps2.release.xcconfig */,
			);
			name = Pods;
			sourceTree = "<group>";
		};
		757682AE792543BC03135430 /* Frameworks */ = {
			isa = PBXGroup;
			children = (
				D365D8EF1D3319C2008F6141 /* MapKit.framework */,
				D365D8E91D3318CF008F6141 /* Mapbox.framework */,
			);
			name = Frameworks;
			sourceTree = "<group>";
		};
		D365D8A41D330E7E008F6141 = {
			isa = PBXGroup;
			children = (
				D365D8E41D3313E0008F6141 /* Mapbox.framework */,
				D365D8F11D343B7B008F6141 /* Resources */,
				D365D8AF1D330E7E008F6141 /* maps2 */,
				D365D8C41D330E7E008F6141 /* maps2Tests */,
				D365D8CF1D330E7E008F6141 /* maps2UITests */,
				D365D8AE1D330E7E008F6141 /* Products */,
				31CEFBAEC5ACDC8AFCEDDB74 /* Pods */,
				757682AE792543BC03135430 /* Frameworks */,
				D3F1737A1D349A08001D14AB /* DOFavoriteButton */,
			);
			sourceTree = "<group>";
		};
		D365D8AE1D330E7E008F6141 /* Products */ = {
			isa = PBXGroup;
			children = (
				D365D8AD1D330E7E008F6141 /* maps2.app */,
				D365D8C11D330E7E008F6141 /* maps2Tests.xctest */,
				D365D8CC1D330E7E008F6141 /* maps2UITests.xctest */,
			);
			name = Products;
			sourceTree = "<group>";
		};
		D365D8AF1D330E7E008F6141 /* maps2 */ = {
			isa = PBXGroup;
			children = (
				D365D8B01D330E7E008F6141 /* AppDelegate.swift */,
				D365D8B21D330E7E008F6141 /* ViewController.swift */,
				D365D8B41D330E7E008F6141 /* Main.storyboard */,
				D365D8B71D330E7E008F6141 /* Assets.xcassets */,
				D365D8B91D330E7E008F6141 /* LaunchScreen.storyboard */,
				D365D8BC1D330E7E008F6141 /* Info.plist */,
				D3F173881D35AC5C001D14AB /* Images */,
			);
			path = maps2;
			sourceTree = "<group>";
		};
		D365D8C41D330E7E008F6141 /* maps2Tests */ = {
			isa = PBXGroup;
			children = (
				D365D8C51D330E7E008F6141 /* maps2Tests.swift */,
				D365D8C71D330E7E008F6141 /* Info.plist */,
				D3F173801D349CCC001D14AB /* icon-location-searching@3x.png */,
			);
			path = maps2Tests;
			sourceTree = "<group>";
		};
		D365D8CF1D330E7E008F6141 /* maps2UITests */ = {
			isa = PBXGroup;
			children = (
				D365D8D01D330E7E008F6141 /* maps2UITests.swift */,
				D365D8D21D330E7E008F6141 /* Info.plist */,
			);
			path = maps2UITests;
			sourceTree = "<group>";
		};
		D365D8F11D343B7B008F6141 /* Resources */ = {
			isa = PBXGroup;
			children = (
				D365D8F31D3463A0008F6141 /* data.json */,
			);
			name = Resources;
			path = maps2;
			sourceTree = "<group>";
		};
		D3F173881D35AC5C001D14AB /* Images */ = {
			isa = PBXGroup;
			children = (
				D3F173781D349937001D14AB /* icon-location-searching@3x.png */,
				D3F173891D35AC91001D14AB /* pin-custom-fishing@2x.png */,
				D3F1737D1D349C78001D14AB /* icon-location-searching@2x.png */,
				D3F173911D35C1EA001D14AB /* pin-poi-fishing@2x.png */,
				D3F173A11D35D284001D14AB /* icon-location-add@3x.png */,
				D3F173BD1D35E5A6001D14AB /* icon-search.png */,
				D3F1738D1D35AEF9001D14AB /* pin-poi-hunting@2x.png */,
				D3F173C11D35E6E0001D14AB /* icon-search@2x.png */,
				D3F173841D349E10001D14AB /* pin-custom-hunting@2x.png */,
				D3F173D51D35E84B001D14AB /* Pin Filled-50.png */,
				D3F173C51D35E7C5001D14AB /* Earth Element-50.png */,
				D3F173D11D35E840001D14AB /* Creek Filled-50 (1).png */,
				D3F173A51D35D33E001D14AB /* Marker-52.png */,
				D3F173D91D35E870001D14AB /* Landscape Filled-50.png */,
				D3F1739D1D35D02B001D14AB /* icon-location-set@3x.png */,
				D3F173C91D35E7DD001D14AB /* Earth Element-50 (1).png */,
				D3F173AD1D35D49A001D14AB /* Center Direction-100.png */,
				D3F173CD1D35E807001D14AB /* Creek Filled-50.png */,
				D3F173B11D35D4EA001D14AB /* Center Direction-100 (1).png */,
				D3F173B91D35D5BF001D14AB /* Define Location-50.png */,
				D3F173B51D35D50C001D14AB /* Center Direction-100 (2).png */,
				D3F173991D35CEFB001D14AB /* Plus Math-50.png */,
				D3F173A91D35D368001D14AB /* Marker-104.png */,
				D3F173951D35CE66001D14AB /* Plus Math-25.png */,
				D3F173761D34991F001D14AB /* icon-location-searching.png */,
			);
			name = Images;
			path = maps2UITests;
			sourceTree = SOURCE_ROOT;
		};
/* End PBXGroup section */

/* Begin PBXNativeTarget section */
		D365D8AC1D330E7E008F6141 /* maps2 */ = {
			isa = PBXNativeTarget;
			buildConfigurationList = D365D8D51D330E7E008F6141 /* Build configuration list for PBXNativeTarget "maps2" */;
			buildPhases = (
				13040619D34E1FABCEF0618F /* 📦 Check Pods Manifest.lock */,
				D365D8A91D330E7E008F6141 /* Sources */,
				D365D8AA1D330E7E008F6141 /* Frameworks */,
				D365D8AB1D330E7E008F6141 /* Resources */,
				2BAA3CC31EA924A113AA2E35 /* 📦 Embed Pods Frameworks */,
				2F61027016ADD85986ECFFE3 /* 📦 Copy Pods Resources */,
				D365D8E71D3313E0008F6141 /* Embed Frameworks */,
			);
			buildRules = (
			);
			dependencies = (
			);
			name = maps2;
			productName = maps2;
			productReference = D365D8AD1D330E7E008F6141 /* maps2.app */;
			productType = "com.apple.product-type.application";
		};
		D365D8C01D330E7E008F6141 /* maps2Tests */ = {
			isa = PBXNativeTarget;
			buildConfigurationList = D365D8D81D330E7E008F6141 /* Build configuration list for PBXNativeTarget "maps2Tests" */;
			buildPhases = (
				D365D8BD1D330E7E008F6141 /* Sources */,
				D365D8BE1D330E7E008F6141 /* Frameworks */,
				D365D8BF1D330E7E008F6141 /* Resources */,
			);
			buildRules = (
			);
			dependencies = (
				D365D8C31D330E7E008F6141 /* PBXTargetDependency */,
			);
			name = maps2Tests;
			productName = maps2Tests;
			productReference = D365D8C11D330E7E008F6141 /* maps2Tests.xctest */;
			productType = "com.apple.product-type.bundle.unit-test";
		};
		D365D8CB1D330E7E008F6141 /* maps2UITests */ = {
			isa = PBXNativeTarget;
			buildConfigurationList = D365D8DB1D330E7E008F6141 /* Build configuration list for PBXNativeTarget "maps2UITests" */;
			buildPhases = (
				D365D8C81D330E7E008F6141 /* Sources */,
				D365D8C91D330E7E008F6141 /* Frameworks */,
				D365D8CA1D330E7E008F6141 /* Resources */,
			);
			buildRules = (
			);
			dependencies = (
				D365D8CE1D330E7E008F6141 /* PBXTargetDependency */,
			);
			name = maps2UITests;
			productName = maps2UITests;
			productReference = D365D8CC1D330E7E008F6141 /* maps2UITests.xctest */;
			productType = "com.apple.product-type.bundle.ui-testing";
		};
/* End PBXNativeTarget section */

/* Begin PBXProject section */
		D365D8A51D330E7E008F6141 /* Project object */ = {
			isa = PBXProject;
			attributes = {
				LastSwiftUpdateCheck = 0730;
				LastUpgradeCheck = 0730;
				ORGANIZATIONNAME = "chris thompson";
				TargetAttributes = {
					D365D8AC1D330E7E008F6141 = {
						CreatedOnToolsVersion = 7.3.1;
						SystemCapabilities = {
							com.apple.Maps.iOS = {
								enabled = 1;
							};
						};
					};
					D365D8C01D330E7E008F6141 = {
						CreatedOnToolsVersion = 7.3.1;
						TestTargetID = D365D8AC1D330E7E008F6141;
					};
					D365D8CB1D330E7E008F6141 = {
						CreatedOnToolsVersion = 7.3.1;
						TestTargetID = D365D8AC1D330E7E008F6141;
					};
				};
			};
			buildConfigurationList = D365D8A81D330E7E008F6141 /* Build configuration list for PBXProject "maps2" */;
			compatibilityVersion = "Xcode 3.2";
			developmentRegion = English;
			hasScannedForEncodings = 0;
			knownRegions = (
				en,
				Base,
			);
			mainGroup = D365D8A41D330E7E008F6141;
			productRefGroup = D365D8AE1D330E7E008F6141 /* Products */;
			projectDirPath = "";
			projectRoot = "";
			targets = (
				D365D8AC1D330E7E008F6141 /* maps2 */,
				D365D8C01D330E7E008F6141 /* maps2Tests */,
				D365D8CB1D330E7E008F6141 /* maps2UITests */,
			);
		};
/* End PBXProject section */

/* Begin PBXResourcesBuildPhase section */
		D365D8AB1D330E7E008F6141 /* Resources */ = {
			isa = PBXResourcesBuildPhase;
			buildActionMask = 2147483647;
			files = (
				D3F173AA1D35D368001D14AB /* Marker-104.png in Resources */,
				D3F173CA1D35E7DD001D14AB /* Earth Element-50 (1).png in Resources */,
				D365D8BB1D330E7E008F6141 /* LaunchScreen.storyboard in Resources */,
				D3F1738E1D35AEF9001D14AB /* pin-poi-hunting@2x.png in Resources */,
				D3F1739A1D35CEFB001D14AB /* Plus Math-50.png in Resources */,
				D3F1738A1D35AC91001D14AB /* pin-custom-fishing@2x.png in Resources */,
				D3F173CE1D35E807001D14AB /* Creek Filled-50.png in Resources */,
				D3F173C61D35E7C5001D14AB /* Earth Element-50.png in Resources */,
				D3F173961D35CE66001D14AB /* Plus Math-25.png in Resources */,
				D3F173C21D35E6E0001D14AB /* icon-search@2x.png in Resources */,
				D3F173B21D35D4EA001D14AB /* Center Direction-100 (1).png in Resources */,
				D3F173921D35C1EA001D14AB /* pin-poi-fishing@2x.png in Resources */,
				D365D8F41D3463A0008F6141 /* data.json in Resources */,
				D3F1737B1D349A08001D14AB /* DOFavoriteButton in Resources */,
				D3F173851D349E10001D14AB /* pin-custom-hunting@2x.png in Resources */,
				D3F1737E1D349C78001D14AB /* icon-location-searching@2x.png in Resources */,
				D365D8E31D33126E008F6141 /* Pods-maps2.release.xcconfig in Resources */,
				D365D8B81D330E7E008F6141 /* Assets.xcassets in Resources */,
				D3F173BE1D35E5A6001D14AB /* icon-search.png in Resources */,
				D3F173A21D35D284001D14AB /* icon-location-add@3x.png in Resources */,
				D3F173BA1D35D5BF001D14AB /* Define Location-50.png in Resources */,
				D3F173D21D35E840001D14AB /* Creek Filled-50 (1).png in Resources */,
				D365D8E21D331266008F6141 /* Pods-maps2.debug.xcconfig in Resources */,
				D3F173DA1D35E870001D14AB /* Landscape Filled-50.png in Resources */,
				D3F173AE1D35D49A001D14AB /* Center Direction-100.png in Resources */,
				D3F173A61D35D33E001D14AB /* Marker-52.png in Resources */,
				D3F173D61D35E84B001D14AB /* Pin Filled-50.png in Resources */,
				D3F173B61D35D50C001D14AB /* Center Direction-100 (2).png in Resources */,
				D365D8B61D330E7E008F6141 /* Main.storyboard in Resources */,
				D3F1739E1D35D02B001D14AB /* icon-location-set@3x.png in Resources */,
				D3F173811D349CCC001D14AB /* icon-location-searching@3x.png in Resources */,
			);
			runOnlyForDeploymentPostprocessing = 0;
		};
		D365D8BF1D330E7E008F6141 /* Resources */ = {
			isa = PBXResourcesBuildPhase;
			buildActionMask = 2147483647;
			files = (
				D3F1738F1D35AEF9001D14AB /* pin-poi-hunting@2x.png in Resources */,
				D3F173AB1D35D368001D14AB /* Marker-104.png in Resources */,
				D3F173A71D35D33E001D14AB /* Marker-52.png in Resources */,
				D3F173861D349E10001D14AB /* pin-custom-hunting@2x.png in Resources */,
				D3F173D31D35E840001D14AB /* Creek Filled-50 (1).png in Resources */,
				D3F173AF1D35D49A001D14AB /* Center Direction-100.png in Resources */,
				D3F173C71D35E7C5001D14AB /* Earth Element-50.png in Resources */,
				D3F173CF1D35E807001D14AB /* Creek Filled-50.png in Resources */,
				D3F1739F1D35D02B001D14AB /* icon-location-set@3x.png in Resources */,
				D3F173931D35C1EA001D14AB /* pin-poi-fishing@2x.png in Resources */,
				D3F1739B1D35CEFB001D14AB /* Plus Math-50.png in Resources */,
				D3F173D71D35E84B001D14AB /* Pin Filled-50.png in Resources */,
				D3F173CB1D35E7DD001D14AB /* Earth Element-50 (1).png in Resources */,
				D3F173A31D35D284001D14AB /* icon-location-add@3x.png in Resources */,
				D3F173971D35CE66001D14AB /* Plus Math-25.png in Resources */,
				D3F173821D349CCC001D14AB /* icon-location-searching@3x.png in Resources */,
				D3F1738B1D35AC91001D14AB /* pin-custom-fishing@2x.png in Resources */,
				D3F173B71D35D50C001D14AB /* Center Direction-100 (2).png in Resources */,
				D365D8F51D3463A0008F6141 /* data.json in Resources */,
				D3F173B31D35D4EA001D14AB /* Center Direction-100 (1).png in Resources */,
				D3F173C31D35E6E0001D14AB /* icon-search@2x.png in Resources */,
				D3F173BF1D35E5A6001D14AB /* icon-search.png in Resources */,
				D3F173BB1D35D5BF001D14AB /* Define Location-50.png in Resources */,
				D3F173DB1D35E870001D14AB /* Landscape Filled-50.png in Resources */,
			);
			runOnlyForDeploymentPostprocessing = 0;
		};
		D365D8CA1D330E7E008F6141 /* Resources */ = {
			isa = PBXResourcesBuildPhase;
			buildActionMask = 2147483647;
			files = (
				D3F173771D34991F001D14AB /* icon-location-searching.png in Resources */,
				D365D8F61D3463A0008F6141 /* data.json in Resources */,
				D3F173D41D35E840001D14AB /* Creek Filled-50 (1).png in Resources */,
				D3F1738C1D35AC91001D14AB /* pin-custom-fishing@2x.png in Resources */,
				D3F173A41D35D284001D14AB /* icon-location-add@3x.png in Resources */,
				D3F173831D349CCC001D14AB /* icon-location-searching@3x.png in Resources */,
				D3F173AC1D35D368001D14AB /* Marker-104.png in Resources */,
				D3F173A81D35D33E001D14AB /* Marker-52.png in Resources */,
				D3F173C41D35E6E0001D14AB /* icon-search@2x.png in Resources */,
				D3F173901D35AEF9001D14AB /* pin-poi-hunting@2x.png in Resources */,
				D3F173D01D35E807001D14AB /* Creek Filled-50.png in Resources */,
				D3F173B81D35D50C001D14AB /* Center Direction-100 (2).png in Resources */,
				D3F173871D349E10001D14AB /* pin-custom-hunting@2x.png in Resources */,
				D3F173791D349937001D14AB /* icon-location-searching@3x.png in Resources */,
				D3F173981D35CE66001D14AB /* Plus Math-25.png in Resources */,
				D3F173CC1D35E7DD001D14AB /* Earth Element-50 (1).png in Resources */,
				D3F1737F1D349C78001D14AB /* icon-location-searching@2x.png in Resources */,
				D3F173941D35C1EA001D14AB /* pin-poi-fishing@2x.png in Resources */,
				D3F1737C1D349A08001D14AB /* DOFavoriteButton in Resources */,
				D3F173D81D35E84B001D14AB /* Pin Filled-50.png in Resources */,
				D3F173A01D35D02B001D14AB /* icon-location-set@3x.png in Resources */,
				D3F173B41D35D4EA001D14AB /* Center Direction-100 (1).png in Resources */,
				D3F173C01D35E5A6001D14AB /* icon-search.png in Resources */,
				D3F173C81D35E7C5001D14AB /* Earth Element-50.png in Resources */,
				D3F1739C1D35CEFB001D14AB /* Plus Math-50.png in Resources */,
				D3F173B01D35D49A001D14AB /* Center Direction-100.png in Resources */,
				D3F173BC1D35D5BF001D14AB /* Define Location-50.png in Resources */,
				D3F173DC1D35E870001D14AB /* Landscape Filled-50.png in Resources */,
			);
			runOnlyForDeploymentPostprocessing = 0;
		};
/* End PBXResourcesBuildPhase section */

/* Begin PBXShellScriptBuildPhase section */
		13040619D34E1FABCEF0618F /* 📦 Check Pods Manifest.lock */ = {
			isa = PBXShellScriptBuildPhase;
			buildActionMask = 2147483647;
			files = (
			);
			inputPaths = (
			);
			name = "📦 Check Pods Manifest.lock";
			outputPaths = (
			);
			runOnlyForDeploymentPostprocessing = 0;
			shellPath = /bin/sh;
			shellScript = "diff \"${PODS_ROOT}/../Podfile.lock\" \"${PODS_ROOT}/Manifest.lock\" > /dev/null\nif [[ $? != 0 ]] ; then\n    cat << EOM\nerror: The sandbox is not in sync with the Podfile.lock. Run 'pod install' or update your CocoaPods installation.\nEOM\n    exit 1\nfi\n";
			showEnvVarsInLog = 0;
		};
		2BAA3CC31EA924A113AA2E35 /* 📦 Embed Pods Frameworks */ = {
			isa = PBXShellScriptBuildPhase;
			buildActionMask = 2147483647;
			files = (
			);
			inputPaths = (
			);
			name = "📦 Embed Pods Frameworks";
			outputPaths = (
			);
			runOnlyForDeploymentPostprocessing = 0;
			shellPath = /bin/sh;
			shellScript = "\"${SRCROOT}/Pods/Target Support Files/Pods-maps2/Pods-maps2-frameworks.sh\"\n";
			showEnvVarsInLog = 0;
		};
		2F61027016ADD85986ECFFE3 /* 📦 Copy Pods Resources */ = {
			isa = PBXShellScriptBuildPhase;
			buildActionMask = 2147483647;
			files = (
			);
			inputPaths = (
			);
			name = "📦 Copy Pods Resources";
			outputPaths = (
			);
			runOnlyForDeploymentPostprocessing = 0;
			shellPath = /bin/sh;
			shellScript = "\"${SRCROOT}/Pods/Target Support Files/Pods-maps2/Pods-maps2-resources.sh\"\n";
			showEnvVarsInLog = 0;
		};
/* End PBXShellScriptBuildPhase section */

/* Begin PBXSourcesBuildPhase section */
		D365D8A91D330E7E008F6141 /* Sources */ = {
			isa = PBXSourcesBuildPhase;
			buildActionMask = 2147483647;
			files = (
				D365D8B31D330E7E008F6141 /* ViewController.swift in Sources */,
				D365D8B11D330E7E008F6141 /* AppDelegate.swift in Sources */,
			);
			runOnlyForDeploymentPostprocessing = 0;
		};
		D365D8BD1D330E7E008F6141 /* Sources */ = {
			isa = PBXSourcesBuildPhase;
			buildActionMask = 2147483647;
			files = (
				D365D8C61D330E7E008F6141 /* maps2Tests.swift in Sources */,
			);
			runOnlyForDeploymentPostprocessing = 0;
		};
		D365D8C81D330E7E008F6141 /* Sources */ = {
			isa = PBXSourcesBuildPhase;
			buildActionMask = 2147483647;
			files = (
				D365D8D11D330E7E008F6141 /* maps2UITests.swift in Sources */,
			);
			runOnlyForDeploymentPostprocessing = 0;
		};
/* End PBXSourcesBuildPhase section */

/* Begin PBXTargetDependency section */
		D365D8C31D330E7E008F6141 /* PBXTargetDependency */ = {
			isa = PBXTargetDependency;
			target = D365D8AC1D330E7E008F6141 /* maps2 */;
			targetProxy = D365D8C21D330E7E008F6141 /* PBXContainerItemProxy */;
		};
		D365D8CE1D330E7E008F6141 /* PBXTargetDependency */ = {
			isa = PBXTargetDependency;
			target = D365D8AC1D330E7E008F6141 /* maps2 */;
			targetProxy = D365D8CD1D330E7E008F6141 /* PBXContainerItemProxy */;
		};
/* End PBXTargetDependency section */

/* Begin PBXVariantGroup section */
		D365D8B41D330E7E008F6141 /* Main.storyboard */ = {
			isa = PBXVariantGroup;
			children = (
				D365D8B51D330E7E008F6141 /* Base */,
			);
			name = Main.storyboard;
			sourceTree = "<group>";
		};
		D365D8B91D330E7E008F6141 /* LaunchScreen.storyboard */ = {
			isa = PBXVariantGroup;
			children = (
				D365D8BA1D330E7E008F6141 /* Base */,
			);
			name = LaunchScreen.storyboard;
			sourceTree = "<group>";
		};
/* End PBXVariantGroup section */

/* Begin XCBuildConfiguration section */
		D365D8D31D330E7E008F6141 /* Debug */ = {
			isa = XCBuildConfiguration;
			buildSettings = {
				ALWAYS_SEARCH_USER_PATHS = NO;
				CLANG_ANALYZER_NONNULL = YES;
				CLANG_CXX_LANGUAGE_STANDARD = "gnu++0x";
				CLANG_CXX_LIBRARY = "libc++";
				CLANG_ENABLE_MODULES = YES;
				CLANG_ENABLE_OBJC_ARC = YES;
				CLANG_WARN_BOOL_CONVERSION = YES;
				CLANG_WARN_CONSTANT_CONVERSION = YES;
				CLANG_WARN_DIRECT_OBJC_ISA_USAGE = YES_ERROR;
				CLANG_WARN_EMPTY_BODY = YES;
				CLANG_WARN_ENUM_CONVERSION = YES;
				CLANG_WARN_INT_CONVERSION = YES;
				CLANG_WARN_OBJC_ROOT_CLASS = YES_ERROR;
				CLANG_WARN_UNREACHABLE_CODE = YES;
				CLANG_WARN__DUPLICATE_METHOD_MATCH = YES;
				"CODE_SIGN_IDENTITY[sdk=iphoneos*]" = "iPhone Developer";
				COPY_PHASE_STRIP = NO;
				DEBUG_INFORMATION_FORMAT = dwarf;
				ENABLE_STRICT_OBJC_MSGSEND = YES;
				ENABLE_TESTABILITY = YES;
				GCC_C_LANGUAGE_STANDARD = gnu99;
				GCC_DYNAMIC_NO_PIC = NO;
				GCC_NO_COMMON_BLOCKS = YES;
				GCC_OPTIMIZATION_LEVEL = 0;
				GCC_PREPROCESSOR_DEFINITIONS = (
					"DEBUG=1",
					"$(inherited)",
				);
				GCC_WARN_64_TO_32_BIT_CONVERSION = YES;
				GCC_WARN_ABOUT_RETURN_TYPE = YES_ERROR;
				GCC_WARN_UNDECLARED_SELECTOR = YES;
				GCC_WARN_UNINITIALIZED_AUTOS = YES_AGGRESSIVE;
				GCC_WARN_UNUSED_FUNCTION = YES;
				GCC_WARN_UNUSED_VARIABLE = YES;
				IPHONEOS_DEPLOYMENT_TARGET = 9.3;
				MTL_ENABLE_DEBUG_INFO = YES;
				ONLY_ACTIVE_ARCH = YES;
				SDKROOT = iphoneos;
				SWIFT_OPTIMIZATION_LEVEL = "-Onone";
				TARGETED_DEVICE_FAMILY = "1,2";
			};
			name = Debug;
		};
		D365D8D41D330E7E008F6141 /* Release */ = {
			isa = XCBuildConfiguration;
			buildSettings = {
				ALWAYS_SEARCH_USER_PATHS = NO;
				CLANG_ANALYZER_NONNULL = YES;
				CLANG_CXX_LANGUAGE_STANDARD = "gnu++0x";
				CLANG_CXX_LIBRARY = "libc++";
				CLANG_ENABLE_MODULES = YES;
				CLANG_ENABLE_OBJC_ARC = YES;
				CLANG_WARN_BOOL_CONVERSION = YES;
				CLANG_WARN_CONSTANT_CONVERSION = YES;
				CLANG_WARN_DIRECT_OBJC_ISA_USAGE = YES_ERROR;
				CLANG_WARN_EMPTY_BODY = YES;
				CLANG_WARN_ENUM_CONVERSION = YES;
				CLANG_WARN_INT_CONVERSION = YES;
				CLANG_WARN_OBJC_ROOT_CLASS = YES_ERROR;
				CLANG_WARN_UNREACHABLE_CODE = YES;
				CLANG_WARN__DUPLICATE_METHOD_MATCH = YES;
				"CODE_SIGN_IDENTITY[sdk=iphoneos*]" = "iPhone Developer";
				COPY_PHASE_STRIP = NO;
				DEBUG_INFORMATION_FORMAT = "dwarf-with-dsym";
				ENABLE_NS_ASSERTIONS = NO;
				ENABLE_STRICT_OBJC_MSGSEND = YES;
				GCC_C_LANGUAGE_STANDARD = gnu99;
				GCC_NO_COMMON_BLOCKS = YES;
				GCC_WARN_64_TO_32_BIT_CONVERSION = YES;
				GCC_WARN_ABOUT_RETURN_TYPE = YES_ERROR;
				GCC_WARN_UNDECLARED_SELECTOR = YES;
				GCC_WARN_UNINITIALIZED_AUTOS = YES_AGGRESSIVE;
				GCC_WARN_UNUSED_FUNCTION = YES;
				GCC_WARN_UNUSED_VARIABLE = YES;
				IPHONEOS_DEPLOYMENT_TARGET = 9.3;
				MTL_ENABLE_DEBUG_INFO = NO;
				SDKROOT = iphoneos;
				TARGETED_DEVICE_FAMILY = "1,2";
				VALIDATE_PRODUCT = YES;
			};
			name = Release;
		};
		D365D8D61D330E7E008F6141 /* Debug */ = {
			isa = XCBuildConfiguration;
			baseConfigurationReference = AB93302BDD4B430A0F8B0B85 /* Pods-maps2.debug.xcconfig */;
			buildSettings = {
				ASSETCATALOG_COMPILER_APPICON_NAME = AppIcon;
				FRAMEWORK_SEARCH_PATHS = (
					"$(inherited)",
					"$(PROJECT_DIR)",
				);
				INFOPLIST_FILE = maps2/Info.plist;
				LD_RUNPATH_SEARCH_PATHS = "$(inherited) @executable_path/Frameworks";
				PRODUCT_BUNDLE_IDENTIFIER = mountain.maps2;
				PRODUCT_NAME = "$(TARGET_NAME)";
			};
			name = Debug;
		};
		D365D8D71D330E7E008F6141 /* Release */ = {
			isa = XCBuildConfiguration;
			baseConfigurationReference = F593BA85B9586230F3CC8F63 /* Pods-maps2.release.xcconfig */;
			buildSettings = {
				ASSETCATALOG_COMPILER_APPICON_NAME = AppIcon;
				FRAMEWORK_SEARCH_PATHS = (
					"$(inherited)",
					"$(PROJECT_DIR)",
				);
				INFOPLIST_FILE = maps2/Info.plist;
				LD_RUNPATH_SEARCH_PATHS = "$(inherited) @executable_path/Frameworks";
				PRODUCT_BUNDLE_IDENTIFIER = mountain.maps2;
				PRODUCT_NAME = "$(TARGET_NAME)";
			};
			name = Release;
		};
		D365D8D91D330E7E008F6141 /* Debug */ = {
			isa = XCBuildConfiguration;
			buildSettings = {
				BUNDLE_LOADER = "$(TEST_HOST)";
				FRAMEWORK_SEARCH_PATHS = (
					"$(inherited)",
					"$(PROJECT_DIR)",
				);
				INFOPLIST_FILE = maps2Tests/Info.plist;
				LD_RUNPATH_SEARCH_PATHS = "$(inherited) @executable_path/Frameworks @loader_path/Frameworks";
				PRODUCT_BUNDLE_IDENTIFIER = mountain.maps2Tests;
				PRODUCT_NAME = "$(TARGET_NAME)";
				TEST_HOST = "$(BUILT_PRODUCTS_DIR)/maps2.app/maps2";
			};
			name = Debug;
		};
		D365D8DA1D330E7E008F6141 /* Release */ = {
			isa = XCBuildConfiguration;
			buildSettings = {
				BUNDLE_LOADER = "$(TEST_HOST)";
				FRAMEWORK_SEARCH_PATHS = (
					"$(inherited)",
					"$(PROJECT_DIR)",
				);
				INFOPLIST_FILE = maps2Tests/Info.plist;
				LD_RUNPATH_SEARCH_PATHS = "$(inherited) @executable_path/Frameworks @loader_path/Frameworks";
				PRODUCT_BUNDLE_IDENTIFIER = mountain.maps2Tests;
				PRODUCT_NAME = "$(TARGET_NAME)";
				TEST_HOST = "$(BUILT_PRODUCTS_DIR)/maps2.app/maps2";
			};
			name = Release;
		};
		D365D8DC1D330E7E008F6141 /* Debug */ = {
			isa = XCBuildConfiguration;
			buildSettings = {
				FRAMEWORK_SEARCH_PATHS = (
					"$(inherited)",
					"$(PROJECT_DIR)",
				);
				INFOPLIST_FILE = maps2UITests/Info.plist;
				LD_RUNPATH_SEARCH_PATHS = "$(inherited) @executable_path/Frameworks @loader_path/Frameworks";
				PRODUCT_BUNDLE_IDENTIFIER = mountain.maps2UITests;
				PRODUCT_NAME = "$(TARGET_NAME)";
				TEST_TARGET_NAME = maps2;
			};
			name = Debug;
		};
		D365D8DD1D330E7E008F6141 /* Release */ = {
			isa = XCBuildConfiguration;
			buildSettings = {
				FRAMEWORK_SEARCH_PATHS = (
					"$(inherited)",
					"$(PROJECT_DIR)",
				);
				INFOPLIST_FILE = maps2UITests/Info.plist;
				LD_RUNPATH_SEARCH_PATHS = "$(inherited) @executable_path/Frameworks @loader_path/Frameworks";
				PRODUCT_BUNDLE_IDENTIFIER = mountain.maps2UITests;
				PRODUCT_NAME = "$(TARGET_NAME)";
				TEST_TARGET_NAME = maps2;
			};
			name = Release;
		};
/* End XCBuildConfiguration section */

/* Begin XCConfigurationList section */
		D365D8A81D330E7E008F6141 /* Build configuration list for PBXProject "maps2" */ = {
			isa = XCConfigurationList;
			buildConfigurations = (
				D365D8D31D330E7E008F6141 /* Debug */,
				D365D8D41D330E7E008F6141 /* Release */,
			);
			defaultConfigurationIsVisible = 0;
			defaultConfigurationName = Release;
		};
		D365D8D51D330E7E008F6141 /* Build configuration list for PBXNativeTarget "maps2" */ = {
			isa = XCConfigurationList;
			buildConfigurations = (
				D365D8D61D330E7E008F6141 /* Debug */,
				D365D8D71D330E7E008F6141 /* Release */,
			);
			defaultConfigurationIsVisible = 0;
			defaultConfigurationName = Release;
		};
		D365D8D81D330E7E008F6141 /* Build configuration list for PBXNativeTarget "maps2Tests" */ = {
			isa = XCConfigurationList;
			buildConfigurations = (
				D365D8D91D330E7E008F6141 /* Debug */,
				D365D8DA1D330E7E008F6141 /* Release */,
			);
			defaultConfigurationIsVisible = 0;
			defaultConfigurationName = Release;
		};
		D365D8DB1D330E7E008F6141 /* Build configuration list for PBXNativeTarget "maps2UITests" */ = {
			isa = XCConfigurationList;
			buildConfigurations = (
				D365D8DC1D330E7E008F6141 /* Debug */,
				D365D8DD1D330E7E008F6141 /* Release */,
			);
			defaultConfigurationIsVisible = 0;
			defaultConfigurationName = Release;
		};
/* End XCConfigurationList section */
	};
	rootObject = D365D8A51D330E7E008F6141 /* Project object */;
}
